
Microsoft Visual Studio Solution File, Format Version 12.00
# Visual Studio Version 16
VisualStudioVersion = 16.0.30114.105
MinimumVisualStudioVersion = 10.0.40219.1
Project("{00D1A9C2-B5F0-4AF3-8072-F6C62B433612}") = "ProphetsWay.Example.Database", "ProphetsWay.Example.Database\ProphetsWay.Example.Database.sqlproj", "{828E118D-68BA-4F92-8794-46CBF85AC4C3}"
EndProject
Project("{9A19103F-16F7-4668-BE54-9A1E7A4F7556}") = "ProphetsWay.Example.DataAccess", "ProphetsWay.Example.DataAccess\ProphetsWay.Example.DataAccess.csproj", "{617F9BB3-7A4E-4A12-936D-DC4C7785DB86}"
EndProject
Project("{9A19103F-16F7-4668-BE54-9A1E7A4F7556}") = "ProphetsWay.Example.Tests", "ProphetsWay.Example.Tests\ProphetsWay.Example.Tests.csproj", "{74B4025B-57D5-4BEA-9523-4C782ED4D711}"
EndProject
Project("{9A19103F-16F7-4668-BE54-9A1E7A4F7556}") = "ProphetsWay.Example.DataAccess.NoDB", "ProphetsWay.Example.DataAccess.NoDB\ProphetsWay.Example.DataAccess.NoDB.csproj", "{A0CDB36A-24C6-4895-991B-3ABB707A9C59}"
EndProject
Project("{2150E333-8FDC-42A3-9474-1A3956D46DE8}") = "Solution Items", "Solution Items", "{085F4B6B-6BB2-4D76-AA3C-456A842F8BD3}"
	ProjectSection(SolutionItems) = preProject
		azure-pipelines.yml = azure-pipelines.yml
		build-and-test.yml = build-and-test.yml
		build-test-deploy-release.yml = build-test-deploy-release.yml
		CHANGELOG.md = CHANGELOG.md
		LICENSE = LICENSE
		README.md = README.md
		version-variables.yml = version-variables.yml
	EndProjectSection
EndProject
Global
	GlobalSection(SolutionConfigurationPlatforms) = preSolution
		Debug|Any CPU = Debug|Any CPU
		Release|Any CPU = Release|Any CPU
	EndGlobalSection
	GlobalSection(ProjectConfigurationPlatforms) = postSolution
		{828E118D-68BA-4F92-8794-46CBF85AC4C3}.Debug|Any CPU.ActiveCfg = Debug|Any CPU
		{828E118D-68BA-4F92-8794-46CBF85AC4C3}.Debug|Any CPU.Build.0 = Debug|Any CPU
		{828E118D-68BA-4F92-8794-46CBF85AC4C3}.Debug|Any CPU.Deploy.0 = Debug|Any CPU
		{828E118D-68BA-4F92-8794-46CBF85AC4C3}.Release|Any CPU.ActiveCfg = Release|Any CPU
		{828E118D-68BA-4F92-8794-46CBF85AC4C3}.Release|Any CPU.Build.0 = Release|Any CPU
		{828E118D-68BA-4F92-8794-46CBF85AC4C3}.Release|Any CPU.Deploy.0 = Release|Any CPU
		{617F9BB3-7A4E-4A12-936D-DC4C7785DB86}.Debug|Any CPU.ActiveCfg = Debug|Any CPU
		{617F9BB3-7A4E-4A12-936D-DC4C7785DB86}.Debug|Any CPU.Build.0 = Debug|Any CPU
		{617F9BB3-7A4E-4A12-936D-DC4C7785DB86}.Release|Any CPU.ActiveCfg = Release|Any CPU
		{617F9BB3-7A4E-4A12-936D-DC4C7785DB86}.Release|Any CPU.Build.0 = Release|Any CPU
		{74B4025B-57D5-4BEA-9523-4C782ED4D711}.Debug|Any CPU.ActiveCfg = Debug|Any CPU
		{74B4025B-57D5-4BEA-9523-4C782ED4D711}.Debug|Any CPU.Build.0 = Debug|Any CPU
		{74B4025B-57D5-4BEA-9523-4C782ED4D711}.Release|Any CPU.ActiveCfg = Release|Any CPU
		{74B4025B-57D5-4BEA-9523-4C782ED4D711}.Release|Any CPU.Build.0 = Release|Any CPU
		{A0CDB36A-24C6-4895-991B-3ABB707A9C59}.Debug|Any CPU.ActiveCfg = Debug|Any CPU
		{A0CDB36A-24C6-4895-991B-3ABB707A9C59}.Debug|Any CPU.Build.0 = Debug|Any CPU
		{A0CDB36A-24C6-4895-991B-3ABB707A9C59}.Release|Any CPU.ActiveCfg = Release|Any CPU
		{A0CDB36A-24C6-4895-991B-3ABB707A9C59}.Release|Any CPU.Build.0 = Release|Any CPU
	EndGlobalSection
	GlobalSection(SolutionProperties) = preSolution
		HideSolutionNode = FALSE
	EndGlobalSection
	GlobalSection(ExtensibilityGlobals) = postSolution
		SolutionGuid = {5EE48541-9A56-4FC6-BD4A-1A761E4C76A3}
	EndGlobalSection
EndGlobal
